
Microsoft Visual Studio Solution File, Format Version 12.00
# Visual Studio Version 17
VisualStudioVersion = 17.4.33205.214
MinimumVisualStudioVersion = 10.0.40219.1
Project("{FAE04EC0-301F-11D3-BF4B-00C04F79EFBC}") = "CoundAndEat.Api", "CoundAndEat.Api\CoundAndEat.Api.csproj", "{2E9B786C-D602-4F0A-B94D-A4C10A7213FC}"
EndProject
Project("{FAE04EC0-301F-11D3-BF4B-00C04F79EFBC}") = "CoundAndEat.Dtos", "CoundAndEat.Dtos\CoundAndEat.Dtos.csproj", "{51A5E69E-8FF6-4463-92DD-68E77D0FC391}"
EndProject
Global
	GlobalSection(SolutionConfigurationPlatforms) = preSolution
		Debug|Any CPU = Debug|Any CPU
		Release|Any CPU = Release|Any CPU
	EndGlobalSection
	GlobalSection(ProjectConfigurationPlatforms) = postSolution
		{2E9B786C-D602-4F0A-B94D-A4C10A7213FC}.Debug|Any CPU.ActiveCfg = Debug|Any CPU
		{2E9B786C-D602-4F0A-B94D-A4C10A7213FC}.Debug|Any CPU.Build.0 = Debug|Any CPU
		{2E9B786C-D602-4F0A-B94D-A4C10A7213FC}.Release|Any CPU.ActiveCfg = Release|Any CPU
		{2E9B786C-D602-4F0A-B94D-A4C10A7213FC}.Release|Any CPU.Build.0 = Release|Any CPU
		{51A5E69E-8FF6-4463-92DD-68E77D0FC391}.Debug|Any CPU.ActiveCfg = Debug|Any CPU
		{51A5E69E-8FF6-4463-92DD-68E77D0FC391}.Debug|Any CPU.Build.0 = Debug|Any CPU
		{51A5E69E-8FF6-4463-92DD-68E77D0FC391}.Release|Any CPU.ActiveCfg = Release|Any CPU
		{51A5E69E-8FF6-4463-92DD-68E77D0FC391}.Release|Any CPU.Build.0 = Release|Any CPU
	EndGlobalSection
	GlobalSection(SolutionProperties) = preSolution
		HideSolutionNode = FALSE
	EndGlobalSection
	GlobalSection(ExtensibilityGlobals) = postSolution
		SolutionGuid = {7D24E6DE-9C15-4111-8182-C30F7BC03BAA}
	EndGlobalSection
EndGlobal
